
Microsoft Visual Studio Solution File, Format Version 12.00
# Visual Studio Version 17
VisualStudioVersion = 17.14.36429.23 d17.14
MinimumVisualStudioVersion = 10.0.40219.1
Project("{FAE04EC0-301F-11D3-BF4B-00C04F79EFBC}") = "Tarea-Pilas-Palindromo", "Tarea-Pilas-Palindromo\Tarea-Pilas-Palindromo.csproj", "{B50D1C57-4D94-4908-8F96-825E4B9FE13C}"
EndProject
Global
	GlobalSection(SolutionConfigurationPlatforms) = preSolution
		Debug|Any CPU = Debug|Any CPU
		Release|Any CPU = Release|Any CPU
	EndGlobalSection
	GlobalSection(ProjectConfigurationPlatforms) = postSolution
		{B50D1C57-4D94-4908-8F96-825E4B9FE13C}.Debug|Any CPU.ActiveCfg = Debug|Any CPU
		{B50D1C57-4D94-4908-8F96-825E4B9FE13C}.Debug|Any CPU.Build.0 = Debug|Any CPU
		{B50D1C57-4D94-4908-8F96-825E4B9FE13C}.Release|Any CPU.ActiveCfg = Release|Any CPU
		{B50D1C57-4D94-4908-8F96-825E4B9FE13C}.Release|Any CPU.Build.0 = Release|Any CPU
	EndGlobalSection
	GlobalSection(SolutionProperties) = preSolution
		HideSolutionNode = FALSE
	EndGlobalSection
	GlobalSection(ExtensibilityGlobals) = postSolution
		SolutionGuid = {7E97ADB4-BF02-4FF7-BB81-314622FC9F6F}
	EndGlobalSection
EndGlobal
