
Microsoft Visual Studio Solution File, Format Version 12.00
# Visual Studio Version 17
VisualStudioVersion = 17.14.36429.23 d17.14
MinimumVisualStudioVersion = 10.0.40219.1
Project("{FAE04EC0-301F-11D3-BF4B-00C04F79EFBC}") = "Factorial", "Factorial\Factorial.csproj", "{08742F5E-E645-451D-8268-99AB1564D97D}"
EndProject
Global
	GlobalSection(SolutionConfigurationPlatforms) = preSolution
		Debug|Any CPU = Debug|Any CPU
		Release|Any CPU = Release|Any CPU
	EndGlobalSection
	GlobalSection(ProjectConfigurationPlatforms) = postSolution
		{08742F5E-E645-451D-8268-99AB1564D97D}.Debug|Any CPU.ActiveCfg = Debug|Any CPU
		{08742F5E-E645-451D-8268-99AB1564D97D}.Debug|Any CPU.Build.0 = Debug|Any CPU
		{08742F5E-E645-451D-8268-99AB1564D97D}.Release|Any CPU.ActiveCfg = Release|Any CPU
		{08742F5E-E645-451D-8268-99AB1564D97D}.Release|Any CPU.Build.0 = Release|Any CPU
	EndGlobalSection
	GlobalSection(SolutionProperties) = preSolution
		HideSolutionNode = FALSE
	EndGlobalSection
	GlobalSection(ExtensibilityGlobals) = postSolution
		SolutionGuid = {0A5FECEB-5E20-4C3B-A88D-D4C7AA346717}
	EndGlobalSection
EndGlobal
